{
  "name": "geosurvey-tests",
  "lockfileVersion": 3,
  "requires": true,
  "packages": {
    "": {
      "name": "geosurvey-tests",
      "dependencies": {
        "jsqr": "^1.4.0",
        "playwright-core": "^1.63.0"
      }
    },
    "node_modules/jsqr": {
      "version": "1.4.0",
      "license": "Apache-2.0"
    },
    "node_modules/playwright-core": {
      "version": "1.63.0",
      "license": "Apache-2.0",
      "bin": {
        "playwright-core": "cli.js"
      },
      "engines": {
        "node": ">=20"
      }
    }
  }
}
